{
  "nodes": {
    "nixpkgs": {
      "locked": {
        "lastModified": 1700512524,
        "narHash": "sha256-HRu0GzDFCt0i60oyQv7X7Sukq2nMSTvqFjQ4wIVmnM4=",
        "owner": "NixOS",
        "repo": "nixpkgs",
        "rev": "ddb2b536327f776b16b968b064efce8fde1d64b4",
        "type": "github"
      },
      "original": {
        "owner": "NixOS",
        "repo": "nixpkgs",
        "type": "github"
      }
    },
    "root": {
      "inputs": {
        "nixpkgs": "nixpkgs"
      }
    }
  },
  "root": "root",
  "version": 7
}
